
Microsoft Visual Studio Solution File, Format Version 12.00
# Visual Studio 15
VisualStudioVersion = 15.0.27130.2027
MinimumVisualStudioVersion = 10.0.40219.1
Project("{FAE04EC0-301F-11D3-BF4B-00C04F79EFBC}") = "SingleInstance", "SingleInstance\SingleInstance.csproj", "{EB663F43-2488-43E2-94E5-7216E9FFAE91}"
EndProject
Global
	GlobalSection(SolutionConfigurationPlatforms) = preSolution
		Debug|Any CPU = Debug|Any CPU
		Release|Any CPU = Release|Any CPU
	EndGlobalSection
	GlobalSection(ProjectConfigurationPlatforms) = postSolution
		{EB663F43-2488-43E2-94E5-7216E9FFAE91}.Debug|Any CPU.ActiveCfg = Debug|Any CPU
		{EB663F43-2488-43E2-94E5-7216E9FFAE91}.Debug|Any CPU.Build.0 = Debug|Any CPU
		{EB663F43-2488-43E2-94E5-7216E9FFAE91}.Release|Any CPU.ActiveCfg = Release|Any CPU
		{EB663F43-2488-43E2-94E5-7216E9FFAE91}.Release|Any CPU.Build.0 = Release|Any CPU
	EndGlobalSection
	GlobalSection(SolutionProperties) = preSolution
		HideSolutionNode = FALSE
	EndGlobalSection
	GlobalSection(ExtensibilityGlobals) = postSolution
		SolutionGuid = {15D131F9-0BF1-483E-BBA4-C79F5B0EDAA9}
	EndGlobalSection
EndGlobal
