
Microsoft Visual Studio Solution File, Format Version 12.00
# Visual Studio 15
VisualStudioVersion = 15.0.27130.2027
MinimumVisualStudioVersion = 10.0.40219.1
Project("{FAE04EC0-301F-11D3-BF4B-00C04F79EFBC}") = "LényekVersenye", "LényekVersenye\LényekVersenye.csproj", "{4A222958-3BF6-405F-9503-F92082D8B91F}"
EndProject
Global
	GlobalSection(SolutionConfigurationPlatforms) = preSolution
		Debug|Any CPU = Debug|Any CPU
		Release|Any CPU = Release|Any CPU
	EndGlobalSection
	GlobalSection(ProjectConfigurationPlatforms) = postSolution
		{4A222958-3BF6-405F-9503-F92082D8B91F}.Debug|Any CPU.ActiveCfg = Debug|Any CPU
		{4A222958-3BF6-405F-9503-F92082D8B91F}.Debug|Any CPU.Build.0 = Debug|Any CPU
		{4A222958-3BF6-405F-9503-F92082D8B91F}.Release|Any CPU.ActiveCfg = Release|Any CPU
		{4A222958-3BF6-405F-9503-F92082D8B91F}.Release|Any CPU.Build.0 = Release|Any CPU
	EndGlobalSection
	GlobalSection(SolutionProperties) = preSolution
		HideSolutionNode = FALSE
	EndGlobalSection
	GlobalSection(ExtensibilityGlobals) = postSolution
		SolutionGuid = {0ADD6508-B56F-47FE-B064-929659DDD7E7}
	EndGlobalSection
EndGlobal
