
Microsoft Visual Studio Solution File, Format Version 12.00
# Visual Studio 15
VisualStudioVersion = 15.0.27130.2027
MinimumVisualStudioVersion = 10.0.40219.1
Project("{FAE04EC0-301F-11D3-BF4B-00C04F79EFBC}") = "SequentialCollections", "SequentialCollections\SequentialCollections.csproj", "{3B67706C-7558-411D-9AFD-58BF668DFD6B}"
EndProject
Global
	GlobalSection(SolutionConfigurationPlatforms) = preSolution
		Debug|Any CPU = Debug|Any CPU
		Release|Any CPU = Release|Any CPU
	EndGlobalSection
	GlobalSection(ProjectConfigurationPlatforms) = postSolution
		{3B67706C-7558-411D-9AFD-58BF668DFD6B}.Debug|Any CPU.ActiveCfg = Debug|Any CPU
		{3B67706C-7558-411D-9AFD-58BF668DFD6B}.Debug|Any CPU.Build.0 = Debug|Any CPU
		{3B67706C-7558-411D-9AFD-58BF668DFD6B}.Release|Any CPU.ActiveCfg = Release|Any CPU
		{3B67706C-7558-411D-9AFD-58BF668DFD6B}.Release|Any CPU.Build.0 = Release|Any CPU
	EndGlobalSection
	GlobalSection(SolutionProperties) = preSolution
		HideSolutionNode = FALSE
	EndGlobalSection
	GlobalSection(ExtensibilityGlobals) = postSolution
		SolutionGuid = {1C34E3BC-D971-4A26-BF0E-E60BC07AB3AD}
	EndGlobalSection
EndGlobal
