
Microsoft Visual Studio Solution File, Format Version 12.00
# Visual Studio 15
VisualStudioVersion = 15.0.27130.2027
MinimumVisualStudioVersion = 10.0.40219.1
Project("{FAE04EC0-301F-11D3-BF4B-00C04F79EFBC}") = "Regular expression", "Regular expression\Regular expression.csproj", "{A77B9881-D510-43E2-AD49-19D244E2DB26}"
EndProject
Project("{FAE04EC0-301F-11D3-BF4B-00C04F79EFBC}") = "Input validation", "Input validation\Input validation.csproj", "{59A42792-4ABD-4E4C-A3D9-7A0EAAE60F88}"
EndProject
Global
	GlobalSection(SolutionConfigurationPlatforms) = preSolution
		Debug|Any CPU = Debug|Any CPU
		Release|Any CPU = Release|Any CPU
	EndGlobalSection
	GlobalSection(ProjectConfigurationPlatforms) = postSolution
		{A77B9881-D510-43E2-AD49-19D244E2DB26}.Debug|Any CPU.ActiveCfg = Debug|Any CPU
		{A77B9881-D510-43E2-AD49-19D244E2DB26}.Debug|Any CPU.Build.0 = Debug|Any CPU
		{A77B9881-D510-43E2-AD49-19D244E2DB26}.Release|Any CPU.ActiveCfg = Release|Any CPU
		{A77B9881-D510-43E2-AD49-19D244E2DB26}.Release|Any CPU.Build.0 = Release|Any CPU
		{59A42792-4ABD-4E4C-A3D9-7A0EAAE60F88}.Debug|Any CPU.ActiveCfg = Debug|Any CPU
		{59A42792-4ABD-4E4C-A3D9-7A0EAAE60F88}.Debug|Any CPU.Build.0 = Debug|Any CPU
		{59A42792-4ABD-4E4C-A3D9-7A0EAAE60F88}.Release|Any CPU.ActiveCfg = Release|Any CPU
		{59A42792-4ABD-4E4C-A3D9-7A0EAAE60F88}.Release|Any CPU.Build.0 = Release|Any CPU
	EndGlobalSection
	GlobalSection(SolutionProperties) = preSolution
		HideSolutionNode = FALSE
	EndGlobalSection
	GlobalSection(ExtensibilityGlobals) = postSolution
		SolutionGuid = {7D53E783-5D63-45B0-A1C5-3151F8F0B9BA}
	EndGlobalSection
EndGlobal
