
Microsoft Visual Studio Solution File, Format Version 12.00
# Visual Studio 15
VisualStudioVersion = 15.0.28010.2003
MinimumVisualStudioVersion = 10.0.40219.1
Project("{FAE04EC0-301F-11D3-BF4B-00C04F79EFBC}") = "Dojo", "Dojo\Dojo.csproj", "{1905D9C4-B933-4225-9011-ED4588EBEDFB}"
EndProject
Global
	GlobalSection(SolutionConfigurationPlatforms) = preSolution
		Debug|Any CPU = Debug|Any CPU
		Release|Any CPU = Release|Any CPU
	EndGlobalSection
	GlobalSection(ProjectConfigurationPlatforms) = postSolution
		{1905D9C4-B933-4225-9011-ED4588EBEDFB}.Debug|Any CPU.ActiveCfg = Debug|Any CPU
		{1905D9C4-B933-4225-9011-ED4588EBEDFB}.Debug|Any CPU.Build.0 = Debug|Any CPU
		{1905D9C4-B933-4225-9011-ED4588EBEDFB}.Release|Any CPU.ActiveCfg = Release|Any CPU
		{1905D9C4-B933-4225-9011-ED4588EBEDFB}.Release|Any CPU.Build.0 = Release|Any CPU
	EndGlobalSection
	GlobalSection(SolutionProperties) = preSolution
		HideSolutionNode = FALSE
	EndGlobalSection
	GlobalSection(ExtensibilityGlobals) = postSolution
		SolutionGuid = {124D93F6-E1F5-4DE9-B3E5-04C80E1297DE}
	EndGlobalSection
EndGlobal
