
Microsoft Visual Studio Solution File, Format Version 12.00
# Visual Studio 15
VisualStudioVersion = 15.0.27130.2027
MinimumVisualStudioVersion = 10.0.40219.1
Project("{FAE04EC0-301F-11D3-BF4B-00C04F79EFBC}") = "SeekAndArchive", "SeekAndArchive\SeekAndArchive.csproj", "{06B54AED-736D-41DB-86AE-33E9D0EB222C}"
EndProject
Global
	GlobalSection(SolutionConfigurationPlatforms) = preSolution
		Debug|Any CPU = Debug|Any CPU
		Release|Any CPU = Release|Any CPU
	EndGlobalSection
	GlobalSection(ProjectConfigurationPlatforms) = postSolution
		{06B54AED-736D-41DB-86AE-33E9D0EB222C}.Debug|Any CPU.ActiveCfg = Debug|Any CPU
		{06B54AED-736D-41DB-86AE-33E9D0EB222C}.Debug|Any CPU.Build.0 = Debug|Any CPU
		{06B54AED-736D-41DB-86AE-33E9D0EB222C}.Release|Any CPU.ActiveCfg = Release|Any CPU
		{06B54AED-736D-41DB-86AE-33E9D0EB222C}.Release|Any CPU.Build.0 = Release|Any CPU
	EndGlobalSection
	GlobalSection(SolutionProperties) = preSolution
		HideSolutionNode = FALSE
	EndGlobalSection
	GlobalSection(ExtensibilityGlobals) = postSolution
		SolutionGuid = {0623F613-E9FC-44E2-BE6A-C45FE793FE6C}
	EndGlobalSection
EndGlobal
